
Microsoft Visual Studio Solution File, Format Version 12.00
# Visual Studio 15
VisualStudioVersion = 15.0.27703.2042
MinimumVisualStudioVersion = 10.0.40219.1
Project("{FAE04EC0-301F-11D3-BF4B-00C04F79EFBC}") = "KKWStore", "KKWStore\KKWStore.csproj", "{011D8DC6-214C-43BB-A0A1-E143D15EB0DC}"
EndProject
Project("{FAE04EC0-301F-11D3-BF4B-00C04F79EFBC}") = "KKWStoreBackup", "..\KKWStoreBackup\KKWStoreBackup.csproj", "{26186032-B9A1-41CC-899B-0C36C8C770B8}"
EndProject
Project("{FAE04EC0-301F-11D3-BF4B-00C04F79EFBC}") = "Util", "..\MIS\Util\Util.csproj", "{E0AF7733-EE6C-48F9-B32E-F2F2840135C4}"
EndProject
Project("{FAE04EC0-301F-11D3-BF4B-00C04F79EFBC}") = "Web", "..\Web\Web.csproj", "{BA8BBB40-E3CB-4750-A69A-38BB56BF4226}"
EndProject
Global
	GlobalSection(SolutionConfigurationPlatforms) = preSolution
		Debug|Any CPU = Debug|Any CPU
		Debug|Mixed Platforms = Debug|Mixed Platforms
		Debug|x86 = Debug|x86
		Release|Any CPU = Release|Any CPU
		Release|Mixed Platforms = Release|Mixed Platforms
		Release|x86 = Release|x86
	EndGlobalSection
	GlobalSection(ProjectConfigurationPlatforms) = postSolution
		{011D8DC6-214C-43BB-A0A1-E143D15EB0DC}.Debug|Any CPU.ActiveCfg = Debug|x86
		{011D8DC6-214C-43BB-A0A1-E143D15EB0DC}.Debug|Mixed Platforms.ActiveCfg = Debug|x86
		{011D8DC6-214C-43BB-A0A1-E143D15EB0DC}.Debug|Mixed Platforms.Build.0 = Debug|x86
		{011D8DC6-214C-43BB-A0A1-E143D15EB0DC}.Debug|x86.ActiveCfg = Debug|x86
		{011D8DC6-214C-43BB-A0A1-E143D15EB0DC}.Debug|x86.Build.0 = Debug|x86
		{011D8DC6-214C-43BB-A0A1-E143D15EB0DC}.Release|Any CPU.ActiveCfg = Release|x86
		{011D8DC6-214C-43BB-A0A1-E143D15EB0DC}.Release|Mixed Platforms.ActiveCfg = Release|x86
		{011D8DC6-214C-43BB-A0A1-E143D15EB0DC}.Release|Mixed Platforms.Build.0 = Release|x86
		{011D8DC6-214C-43BB-A0A1-E143D15EB0DC}.Release|x86.ActiveCfg = Release|x86
		{011D8DC6-214C-43BB-A0A1-E143D15EB0DC}.Release|x86.Build.0 = Release|x86
		{26186032-B9A1-41CC-899B-0C36C8C770B8}.Debug|Any CPU.ActiveCfg = Debug|x86
		{26186032-B9A1-41CC-899B-0C36C8C770B8}.Debug|Mixed Platforms.ActiveCfg = Debug|x86
		{26186032-B9A1-41CC-899B-0C36C8C770B8}.Debug|Mixed Platforms.Build.0 = Debug|x86
		{26186032-B9A1-41CC-899B-0C36C8C770B8}.Debug|x86.ActiveCfg = Debug|x86
		{26186032-B9A1-41CC-899B-0C36C8C770B8}.Debug|x86.Build.0 = Debug|x86
		{26186032-B9A1-41CC-899B-0C36C8C770B8}.Release|Any CPU.ActiveCfg = Release|x86
		{26186032-B9A1-41CC-899B-0C36C8C770B8}.Release|Mixed Platforms.ActiveCfg = Release|x86
		{26186032-B9A1-41CC-899B-0C36C8C770B8}.Release|Mixed Platforms.Build.0 = Release|x86
		{26186032-B9A1-41CC-899B-0C36C8C770B8}.Release|x86.ActiveCfg = Release|x86
		{26186032-B9A1-41CC-899B-0C36C8C770B8}.Release|x86.Build.0 = Release|x86
		{E0AF7733-EE6C-48F9-B32E-F2F2840135C4}.Debug|Any CPU.ActiveCfg = Debug|Any CPU
		{E0AF7733-EE6C-48F9-B32E-F2F2840135C4}.Debug|Any CPU.Build.0 = Debug|Any CPU
		{E0AF7733-EE6C-48F9-B32E-F2F2840135C4}.Debug|Mixed Platforms.ActiveCfg = Debug|Any CPU
		{E0AF7733-EE6C-48F9-B32E-F2F2840135C4}.Debug|Mixed Platforms.Build.0 = Debug|Any CPU
		{E0AF7733-EE6C-48F9-B32E-F2F2840135C4}.Debug|x86.ActiveCfg = Debug|Any CPU
		{E0AF7733-EE6C-48F9-B32E-F2F2840135C4}.Release|Any CPU.ActiveCfg = Release|Any CPU
		{E0AF7733-EE6C-48F9-B32E-F2F2840135C4}.Release|Any CPU.Build.0 = Release|Any CPU
		{E0AF7733-EE6C-48F9-B32E-F2F2840135C4}.Release|Mixed Platforms.ActiveCfg = Release|Any CPU
		{E0AF7733-EE6C-48F9-B32E-F2F2840135C4}.Release|Mixed Platforms.Build.0 = Release|Any CPU
		{E0AF7733-EE6C-48F9-B32E-F2F2840135C4}.Release|x86.ActiveCfg = Release|Any CPU
		{BA8BBB40-E3CB-4750-A69A-38BB56BF4226}.Debug|Any CPU.ActiveCfg = Debug|Any CPU
		{BA8BBB40-E3CB-4750-A69A-38BB56BF4226}.Debug|Any CPU.Build.0 = Debug|Any CPU
		{BA8BBB40-E3CB-4750-A69A-38BB56BF4226}.Debug|Mixed Platforms.ActiveCfg = Debug|Any CPU
		{BA8BBB40-E3CB-4750-A69A-38BB56BF4226}.Debug|Mixed Platforms.Build.0 = Debug|Any CPU
		{BA8BBB40-E3CB-4750-A69A-38BB56BF4226}.Debug|x86.ActiveCfg = Debug|Any CPU
		{BA8BBB40-E3CB-4750-A69A-38BB56BF4226}.Debug|x86.Build.0 = Debug|Any CPU
		{BA8BBB40-E3CB-4750-A69A-38BB56BF4226}.Release|Any CPU.ActiveCfg = Release|Any CPU
		{BA8BBB40-E3CB-4750-A69A-38BB56BF4226}.Release|Any CPU.Build.0 = Release|Any CPU
		{BA8BBB40-E3CB-4750-A69A-38BB56BF4226}.Release|Mixed Platforms.ActiveCfg = Release|Any CPU
		{BA8BBB40-E3CB-4750-A69A-38BB56BF4226}.Release|Mixed Platforms.Build.0 = Release|Any CPU
		{BA8BBB40-E3CB-4750-A69A-38BB56BF4226}.Release|x86.ActiveCfg = Release|Any CPU
		{BA8BBB40-E3CB-4750-A69A-38BB56BF4226}.Release|x86.Build.0 = Release|Any CPU
	EndGlobalSection
	GlobalSection(SolutionProperties) = preSolution
		HideSolutionNode = FALSE
	EndGlobalSection
	GlobalSection(ExtensibilityGlobals) = postSolution
		SolutionGuid = {3F1A8749-074F-451A-8D29-50367AFE5367}
	EndGlobalSection
EndGlobal
